
Microsoft Visual Studio Solution File, Format Version 12.00
# Visual Studio Version 17
VisualStudioVersion = 17.3.32922.545
MinimumVisualStudioVersion = 10.0.40219.1
Project("{FAE04EC0-301F-11D3-BF4B-00C04F79EFBC}") = "BooksAPI", "BooksAPI\BooksAPI.csproj", "{29049AA3-FC86-4571-BAA3-F4BD8D697F7E}"
EndProject
Global
	GlobalSection(SolutionConfigurationPlatforms) = preSolution
		Debug|Any CPU = Debug|Any CPU
		Release|Any CPU = Release|Any CPU
	EndGlobalSection
	GlobalSection(ProjectConfigurationPlatforms) = postSolution
		{29049AA3-FC86-4571-BAA3-F4BD8D697F7E}.Debug|Any CPU.ActiveCfg = Debug|Any CPU
		{29049AA3-FC86-4571-BAA3-F4BD8D697F7E}.Debug|Any CPU.Build.0 = Debug|Any CPU
		{29049AA3-FC86-4571-BAA3-F4BD8D697F7E}.Release|Any CPU.ActiveCfg = Release|Any CPU
		{29049AA3-FC86-4571-BAA3-F4BD8D697F7E}.Release|Any CPU.Build.0 = Release|Any CPU
	EndGlobalSection
	GlobalSection(SolutionProperties) = preSolution
		HideSolutionNode = FALSE
	EndGlobalSection
	GlobalSection(ExtensibilityGlobals) = postSolution
		SolutionGuid = {E04DB157-92EA-4058-82BE-8F934F187C2C}
	EndGlobalSection
EndGlobal
